
Microsoft Visual Studio Solution File, Format Version 11.00
# Visual Studio 2010
Project("{FAE04EC0-301F-11D3-BF4B-00C04F79EFBC}") = "unity-aot", "Assembly-CSharp.csproj", "{4A76F634-0348-91C9-D8AD-697F37608F97}"
EndProject
Project("{FAE04EC0-301F-11D3-BF4B-00C04F79EFBC}") = "unity-aot", "Assembly-CSharp-Editor.csproj", "{3B870C9E-E4C2-3276-DD6E-7BA2A6F264D2}"
EndProject
Global
	GlobalSection(SolutionConfigurationPlatforms) = preSolution
		Debug|Any CPU = Debug|Any CPU
		Release|Any CPU = Release|Any CPU
	EndGlobalSection
	GlobalSection(ProjectConfigurationPlatforms) = postSolution
		{4A76F634-0348-91C9-D8AD-697F37608F97}.Debug|Any CPU.ActiveCfg = Debug|Any CPU
		{4A76F634-0348-91C9-D8AD-697F37608F97}.Debug|Any CPU.Build.0 = Debug|Any CPU
		{4A76F634-0348-91C9-D8AD-697F37608F97}.Release|Any CPU.ActiveCfg = Release|Any CPU
		{4A76F634-0348-91C9-D8AD-697F37608F97}.Release|Any CPU.Build.0 = Release|Any CPU
		{3B870C9E-E4C2-3276-DD6E-7BA2A6F264D2}.Debug|Any CPU.ActiveCfg = Debug|Any CPU
		{3B870C9E-E4C2-3276-DD6E-7BA2A6F264D2}.Debug|Any CPU.Build.0 = Debug|Any CPU
		{3B870C9E-E4C2-3276-DD6E-7BA2A6F264D2}.Release|Any CPU.ActiveCfg = Release|Any CPU
		{3B870C9E-E4C2-3276-DD6E-7BA2A6F264D2}.Release|Any CPU.Build.0 = Release|Any CPU
	EndGlobalSection
	GlobalSection(SolutionProperties) = preSolution
		HideSolutionNode = FALSE
	EndGlobalSection
	GlobalSection(MonoDevelopProperties) = preSolution
		StartupItem = Assembly-CSharp.csproj
	EndGlobalSection
EndGlobal
